
Microsoft Visual Studio Solution File, Format Version 12.00
# Visual Studio Version 17
VisualStudioVersion = 17.0.31903.59
MinimumVisualStudioVersion = 10.0.40219.1
Project("{2150E333-8FDC-42A3-9474-1A3956D46DE8}") = "src", "src", "{827E0CD3-B72D-47B6-A68D-7590B98EB39B}"
EndProject
Project("{FAE04EC0-301F-11D3-BF4B-00C04F79EFBC}") = "WorldCup.Data", "src\WorldCup.Data\WorldCup.Data.csproj", "{38C46809-56C4-4D19-A5F9-EEBD78766D3C}"
EndProject
Project("{FAE04EC0-301F-11D3-BF4B-00C04F79EFBC}") = "WorldCup.Engine", "src\WorldCup.Engine\WorldCup.Engine.csproj", "{9C1C2D62-6AE3-4C32-BEAC-396286E059CD}"
EndProject
Project("{FAE04EC0-301F-11D3-BF4B-00C04F79EFBC}") = "WorldCup.Reporting", "src\WorldCup.Reporting\WorldCup.Reporting.csproj", "{048D3248-992A-414D-9965-AF22106C8AED}"
EndProject
Project("{FAE04EC0-301F-11D3-BF4B-00C04F79EFBC}") = "WorldCup.Cli", "src\WorldCup.Cli\WorldCup.Cli.csproj", "{B4CE2FFC-38CC-4967-AB03-C4732B37366E}"
EndProject
Project("{2150E333-8FDC-42A3-9474-1A3956D46DE8}") = "tests", "tests", "{0AB3BF05-4346-4AA6-1389-037BE0695223}"
EndProject
Project("{FAE04EC0-301F-11D3-BF4B-00C04F79EFBC}") = "WorldCup.Tests", "tests\WorldCup.Tests\WorldCup.Tests.csproj", "{E4083AC4-F6FB-434D-B8A0-50BC925C0FB6}"
EndProject
Global
	GlobalSection(SolutionConfigurationPlatforms) = preSolution
		Debug|Any CPU = Debug|Any CPU
		Debug|x64 = Debug|x64
		Debug|x86 = Debug|x86
		Release|Any CPU = Release|Any CPU
		Release|x64 = Release|x64
		Release|x86 = Release|x86
	EndGlobalSection
	GlobalSection(ProjectConfigurationPlatforms) = postSolution
		{38C46809-56C4-4D19-A5F9-EEBD78766D3C}.Debug|Any CPU.ActiveCfg = Debug|Any CPU
		{38C46809-56C4-4D19-A5F9-EEBD78766D3C}.Debug|Any CPU.Build.0 = Debug|Any CPU
		{38C46809-56C4-4D19-A5F9-EEBD78766D3C}.Debug|x64.ActiveCfg = Debug|Any CPU
		{38C46809-56C4-4D19-A5F9-EEBD78766D3C}.Debug|x64.Build.0 = Debug|Any CPU
		{38C46809-56C4-4D19-A5F9-EEBD78766D3C}.Debug|x86.ActiveCfg = Debug|Any CPU
		{38C46809-56C4-4D19-A5F9-EEBD78766D3C}.Debug|x86.Build.0 = Debug|Any CPU
		{38C46809-56C4-4D19-A5F9-EEBD78766D3C}.Release|Any CPU.ActiveCfg = Release|Any CPU
		{38C46809-56C4-4D19-A5F9-EEBD78766D3C}.Release|Any CPU.Build.0 = Release|Any CPU
		{38C46809-56C4-4D19-A5F9-EEBD78766D3C}.Release|x64.ActiveCfg = Release|Any CPU
		{38C46809-56C4-4D19-A5F9-EEBD78766D3C}.Release|x64.Build.0 = Release|Any CPU
		{38C46809-56C4-4D19-A5F9-EEBD78766D3C}.Release|x86.ActiveCfg = Release|Any CPU
		{38C46809-56C4-4D19-A5F9-EEBD78766D3C}.Release|x86.Build.0 = Release|Any CPU
		{9C1C2D62-6AE3-4C32-BEAC-396286E059CD}.Debug|Any CPU.ActiveCfg = Debug|Any CPU
		{9C1C2D62-6AE3-4C32-BEAC-396286E059CD}.Debug|Any CPU.Build.0 = Debug|Any CPU
		{9C1C2D62-6AE3-4C32-BEAC-396286E059CD}.Debug|x64.ActiveCfg = Debug|Any CPU
		{9C1C2D62-6AE3-4C32-BEAC-396286E059CD}.Debug|x64.Build.0 = Debug|Any CPU
		{9C1C2D62-6AE3-4C32-BEAC-396286E059CD}.Debug|x86.ActiveCfg = Debug|Any CPU
		{9C1C2D62-6AE3-4C32-BEAC-396286E059CD}.Debug|x86.Build.0 = Debug|Any CPU
		{9C1C2D62-6AE3-4C32-BEAC-396286E059CD}.Release|Any CPU.ActiveCfg = Release|Any CPU
		{9C1C2D62-6AE3-4C32-BEAC-396286E059CD}.Release|Any CPU.Build.0 = Release|Any CPU
		{9C1C2D62-6AE3-4C32-BEAC-396286E059CD}.Release|x64.ActiveCfg = Release|Any CPU
		{9C1C2D62-6AE3-4C32-BEAC-396286E059CD}.Release|x64.Build.0 = Release|Any CPU
		{9C1C2D62-6AE3-4C32-BEAC-396286E059CD}.Release|x86.ActiveCfg = Release|Any CPU
		{9C1C2D62-6AE3-4C32-BEAC-396286E059CD}.Release|x86.Build.0 = Release|Any CPU
		{048D3248-992A-414D-9965-AF22106C8AED}.Debug|Any CPU.ActiveCfg = Debug|Any CPU
		{048D3248-992A-414D-9965-AF22106C8AED}.Debug|Any CPU.Build.0 = Debug|Any CPU
		{048D3248-992A-414D-9965-AF22106C8AED}.Debug|x64.ActiveCfg = Debug|Any CPU
		{048D3248-992A-414D-9965-AF22106C8AED}.Debug|x64.Build.0 = Debug|Any CPU
		{048D3248-992A-414D-9965-AF22106C8AED}.Debug|x86.ActiveCfg = Debug|Any CPU
		{048D3248-992A-414D-9965-AF22106C8AED}.Debug|x86.Build.0 = Debug|Any CPU
		{048D3248-992A-414D-9965-AF22106C8AED}.Release|Any CPU.ActiveCfg = Release|Any CPU
		{048D3248-992A-414D-9965-AF22106C8AED}.Release|Any CPU.Build.0 = Release|Any CPU
		{048D3248-992A-414D-9965-AF22106C8AED}.Release|x64.ActiveCfg = Release|Any CPU
		{048D3248-992A-414D-9965-AF22106C8AED}.Release|x64.Build.0 = Release|Any CPU
		{048D3248-992A-414D-9965-AF22106C8AED}.Release|x86.ActiveCfg = Release|Any CPU
		{048D3248-992A-414D-9965-AF22106C8AED}.Release|x86.Build.0 = Release|Any CPU
		{B4CE2FFC-38CC-4967-AB03-C4732B37366E}.Debug|Any CPU.ActiveCfg = Debug|Any CPU
		{B4CE2FFC-38CC-4967-AB03-C4732B37366E}.Debug|Any CPU.Build.0 = Debug|Any CPU
		{B4CE2FFC-38CC-4967-AB03-C4732B37366E}.Debug|x64.ActiveCfg = Debug|Any CPU
		{B4CE2FFC-38CC-4967-AB03-C4732B37366E}.Debug|x64.Build.0 = Debug|Any CPU
		{B4CE2FFC-38CC-4967-AB03-C4732B37366E}.Debug|x86.ActiveCfg = Debug|Any CPU
		{B4CE2FFC-38CC-4967-AB03-C4732B37366E}.Debug|x86.Build.0 = Debug|Any CPU
		{B4CE2FFC-38CC-4967-AB03-C4732B37366E}.Release|Any CPU.ActiveCfg = Release|Any CPU
		{B4CE2FFC-38CC-4967-AB03-C4732B37366E}.Release|Any CPU.Build.0 = Release|Any CPU
		{B4CE2FFC-38CC-4967-AB03-C4732B37366E}.Release|x64.ActiveCfg = Release|Any CPU
		{B4CE2FFC-38CC-4967-AB03-C4732B37366E}.Release|x64.Build.0 = Release|Any CPU
		{B4CE2FFC-38CC-4967-AB03-C4732B37366E}.Release|x86.ActiveCfg = Release|Any CPU
		{B4CE2FFC-38CC-4967-AB03-C4732B37366E}.Release|x86.Build.0 = Release|Any CPU
		{E4083AC4-F6FB-434D-B8A0-50BC925C0FB6}.Debug|Any CPU.ActiveCfg = Debug|Any CPU
		{E4083AC4-F6FB-434D-B8A0-50BC925C0FB6}.Debug|Any CPU.Build.0 = Debug|Any CPU
		{E4083AC4-F6FB-434D-B8A0-50BC925C0FB6}.Debug|x64.ActiveCfg = Debug|Any CPU
		{E4083AC4-F6FB-434D-B8A0-50BC925C0FB6}.Debug|x64.Build.0 = Debug|Any CPU
		{E4083AC4-F6FB-434D-B8A0-50BC925C0FB6}.Debug|x86.ActiveCfg = Debug|Any CPU
		{E4083AC4-F6FB-434D-B8A0-50BC925C0FB6}.Debug|x86.Build.0 = Debug|Any CPU
		{E4083AC4-F6FB-434D-B8A0-50BC925C0FB6}.Release|Any CPU.ActiveCfg = Release|Any CPU
		{E4083AC4-F6FB-434D-B8A0-50BC925C0FB6}.Release|Any CPU.Build.0 = Release|Any CPU
		{E4083AC4-F6FB-434D-B8A0-50BC925C0FB6}.Release|x64.ActiveCfg = Release|Any CPU
		{E4083AC4-F6FB-434D-B8A0-50BC925C0FB6}.Release|x64.Build.0 = Release|Any CPU
		{E4083AC4-F6FB-434D-B8A0-50BC925C0FB6}.Release|x86.ActiveCfg = Release|Any CPU
		{E4083AC4-F6FB-434D-B8A0-50BC925C0FB6}.Release|x86.Build.0 = Release|Any CPU
	EndGlobalSection
	GlobalSection(SolutionProperties) = preSolution
		HideSolutionNode = FALSE
	EndGlobalSection
	GlobalSection(NestedProjects) = preSolution
		{38C46809-56C4-4D19-A5F9-EEBD78766D3C} = {827E0CD3-B72D-47B6-A68D-7590B98EB39B}
		{9C1C2D62-6AE3-4C32-BEAC-396286E059CD} = {827E0CD3-B72D-47B6-A68D-7590B98EB39B}
		{048D3248-992A-414D-9965-AF22106C8AED} = {827E0CD3-B72D-47B6-A68D-7590B98EB39B}
		{B4CE2FFC-38CC-4967-AB03-C4732B37366E} = {827E0CD3-B72D-47B6-A68D-7590B98EB39B}
		{E4083AC4-F6FB-434D-B8A0-50BC925C0FB6} = {0AB3BF05-4346-4AA6-1389-037BE0695223}
	EndGlobalSection
EndGlobal
